
Microsoft Visual Studio Solution File, Format Version 12.00
# Visual Studio Version 17
VisualStudioVersion = 17.3.32819.101
MinimumVisualStudioVersion = 10.0.40219.1
Project("{FAE04EC0-301F-11D3-BF4B-00C04F79EFBC}") = "TaskTracker", "TaskTracker\TaskTracker.csproj", "{54CA62CB-D49F-41F5-B933-C7B7A1C80C83}"
EndProject
Global
	GlobalSection(SolutionConfigurationPlatforms) = preSolution
		Debug|Any CPU = Debug|Any CPU
		Release|Any CPU = Release|Any CPU
	EndGlobalSection
	GlobalSection(ProjectConfigurationPlatforms) = postSolution
		{54CA62CB-D49F-41F5-B933-C7B7A1C80C83}.Debug|Any CPU.ActiveCfg = Debug|Any CPU
		{54CA62CB-D49F-41F5-B933-C7B7A1C80C83}.Debug|Any CPU.Build.0 = Debug|Any CPU
		{54CA62CB-D49F-41F5-B933-C7B7A1C80C83}.Release|Any CPU.ActiveCfg = Release|Any CPU
		{54CA62CB-D49F-41F5-B933-C7B7A1C80C83}.Release|Any CPU.Build.0 = Release|Any CPU
	EndGlobalSection
	GlobalSection(SolutionProperties) = preSolution
		HideSolutionNode = FALSE
	EndGlobalSection
	GlobalSection(ExtensibilityGlobals) = postSolution
		SolutionGuid = {9A0292C0-1107-4874-A016-08422C80B72E}
	EndGlobalSection
EndGlobal
